
Microsoft Visual Studio Solution File, Format Version 12.00
# Visual Studio 2012
Project("{FAE04EC0-301F-11D3-BF4B-00C04F79EFBC}") = "ConfigNode", "ConfigNode\ConfigNode.csproj", "{91C740D7-BA89-4313-9329-884498DFBFE2}"
EndProject
Project("{FAE04EC0-301F-11D3-BF4B-00C04F79EFBC}") = "ConfigNodeTest", "ConfigNodeTest\ConfigNodeTest.csproj", "{219E7C1A-C432-42BC-8C0F-A834336367D7}"
EndProject
Global
	GlobalSection(SolutionConfigurationPlatforms) = preSolution
		Debug|Any CPU = Debug|Any CPU
		Release|Any CPU = Release|Any CPU
	EndGlobalSection
	GlobalSection(ProjectConfigurationPlatforms) = postSolution
		{219E7C1A-C432-42BC-8C0F-A834336367D7}.Debug|Any CPU.ActiveCfg = Debug|Any CPU
		{219E7C1A-C432-42BC-8C0F-A834336367D7}.Debug|Any CPU.Build.0 = Debug|Any CPU
		{219E7C1A-C432-42BC-8C0F-A834336367D7}.Release|Any CPU.ActiveCfg = Release|Any CPU
		{219E7C1A-C432-42BC-8C0F-A834336367D7}.Release|Any CPU.Build.0 = Release|Any CPU
		{91C740D7-BA89-4313-9329-884498DFBFE2}.Debug|Any CPU.ActiveCfg = Debug|Any CPU
		{91C740D7-BA89-4313-9329-884498DFBFE2}.Debug|Any CPU.Build.0 = Debug|Any CPU
		{91C740D7-BA89-4313-9329-884498DFBFE2}.Release|Any CPU.ActiveCfg = Release|Any CPU
		{91C740D7-BA89-4313-9329-884498DFBFE2}.Release|Any CPU.Build.0 = Release|Any CPU
	EndGlobalSection
	GlobalSection(MonoDevelopProperties) = preSolution
		StartupItem = ConfigNodeTest\ConfigNodeTest.csproj
	EndGlobalSection
EndGlobal
