
Microsoft Visual Studio Solution File, Format Version 12.00
# Visual Studio Version 16
VisualStudioVersion = 16.0.30114.105
MinimumVisualStudioVersion = 10.0.40219.1
Project("{FAE04EC0-301F-11D3-BF4B-00C04F79EFBC}") = "ConfigNode", "ConfigNode\ConfigNode.csproj", "{D89A507A-951F-4F8A-BF43-22F14363BDEE}"
EndProject
Project("{FAE04EC0-301F-11D3-BF4B-00C04F79EFBC}") = "ConfigNodeTest", "ConfigNodeTest\ConfigNodeTest.csproj", "{3BFB71DB-0D16-45D5-8164-5A67122E5F91}"
EndProject
Global
	GlobalSection(SolutionConfigurationPlatforms) = preSolution
		Debug|Any CPU = Debug|Any CPU
		Release|Any CPU = Release|Any CPU
	EndGlobalSection
	GlobalSection(SolutionProperties) = preSolution
		HideSolutionNode = FALSE
	EndGlobalSection
	GlobalSection(ProjectConfigurationPlatforms) = postSolution
		{D89A507A-951F-4F8A-BF43-22F14363BDEE}.Debug|Any CPU.ActiveCfg = Debug|Any CPU
		{D89A507A-951F-4F8A-BF43-22F14363BDEE}.Debug|Any CPU.Build.0 = Debug|Any CPU
		{D89A507A-951F-4F8A-BF43-22F14363BDEE}.Release|Any CPU.ActiveCfg = Release|Any CPU
		{D89A507A-951F-4F8A-BF43-22F14363BDEE}.Release|Any CPU.Build.0 = Release|Any CPU
		{3BFB71DB-0D16-45D5-8164-5A67122E5F91}.Debug|Any CPU.ActiveCfg = Debug|Any CPU
		{3BFB71DB-0D16-45D5-8164-5A67122E5F91}.Debug|Any CPU.Build.0 = Debug|Any CPU
		{3BFB71DB-0D16-45D5-8164-5A67122E5F91}.Release|Any CPU.ActiveCfg = Release|Any CPU
		{3BFB71DB-0D16-45D5-8164-5A67122E5F91}.Release|Any CPU.Build.0 = Release|Any CPU
	EndGlobalSection
EndGlobal
